
Microsoft Visual Studio Solution File, Format Version 12.00
# Visual Studio Version 17
VisualStudioVersion = 17.1.32210.238
MinimumVisualStudioVersion = 10.0.40219.1
Project("{FAE04EC0-301F-11D3-BF4B-00C04F79EFBC}") = "SquishCompany", "SquishCompany.csproj", "{99E2CA9A-1171-425B-9108-D36EACB2CF69}"
EndProject
Global
	GlobalSection(SolutionConfigurationPlatforms) = preSolution
		Debug|Any CPU = Debug|Any CPU
		Release|Any CPU = Release|Any CPU
	EndGlobalSection
	GlobalSection(ProjectConfigurationPlatforms) = postSolution
		{99E2CA9A-1171-425B-9108-D36EACB2CF69}.Debug|Any CPU.ActiveCfg = Debug|Any CPU
		{99E2CA9A-1171-425B-9108-D36EACB2CF69}.Debug|Any CPU.Build.0 = Debug|Any CPU
		{99E2CA9A-1171-425B-9108-D36EACB2CF69}.Release|Any CPU.ActiveCfg = Release|Any CPU
		{99E2CA9A-1171-425B-9108-D36EACB2CF69}.Release|Any CPU.Build.0 = Release|Any CPU
	EndGlobalSection
	GlobalSection(SolutionProperties) = preSolution
		HideSolutionNode = FALSE
	EndGlobalSection
	GlobalSection(ExtensibilityGlobals) = postSolution
		SolutionGuid = {53FBE372-B39C-4CEA-8CD5-EB75957FBB48}
	EndGlobalSection
EndGlobal
